{
  "pins" : [
    {
      "identity" : "ml-stable-diffusion#swift-requirements",
      "kind" : "remoteSourceControl",
      "location" : "https://github.com/apple/ml-stable-diffusion#swift-requirements",
      "state" : {
        "branch" : "main",
        "revision" : "e07c4d00c387840f70fa3701fb3a51c2a32f37b8"
      }
    },
    {
      "identity" : "swift-argument-parser",
      "kind" : "remoteSourceControl",
      "location" : "https://github.com/apple/swift-argument-parser.git",
      "state" : {
        "revision" : "fddd1c00396eed152c45a46bea9f47b98e59301d",
        "version" : "1.2.0"
      }
    }
  ],
  "version" : 2
}
